// !$*UTF8*$!
{
	archiveVersion = 1;
	classes = {
	};
	objectVersion = 50;
	objects = {

/* Begin PBXBuildFile section */
		2E046E1122377DD6003C7DE2 /* Extensions.swift in Sources */ = {isa = PBXBuildFile; fileRef = 2E046E1022377DD6003C7DE2 /* Extensions.swift */; };
		2E046E1422377EC3003C7DE2 /* VideoCell.swift in Sources */ = {isa = PBXBuildFile; fileRef = 2E046E1322377EC3003C7DE2 /* VideoCell.swift */; };
		2E046E1722378408003C7DE2 /* MenuBar.swift in Sources */ = {isa = PBXBuildFile; fileRef = 2E046E1622378408003C7DE2 /* MenuBar.swift */; };
		2E046E1922379E28003C7DE2 /* Main.storyboard in Resources */ = {isa = PBXBuildFile; fileRef = 2E046E1822379E28003C7DE2 /* Main.storyboard */; };
		2E046E1C2238BD71003C7DE2 /* Video.swift in Sources */ = {isa = PBXBuildFile; fileRef = 2E046E1B2238BD71003C7DE2 /* Video.swift */; };
		2E046E1E2238E69C003C7DE2 /* Channel.swift in Sources */ = {isa = PBXBuildFile; fileRef = 2E046E1D2238E69C003C7DE2 /* Channel.swift */; };
		2EE67A22223B304C0097ED16 /* MenuCell.swift in Sources */ = {isa = PBXBuildFile; fileRef = 2EE67A21223B304C0097ED16 /* MenuCell.swift */; };
		2EEB266D2236202F003675CC /* AppDelegate.swift in Sources */ = {isa = PBXBuildFile; fileRef = 2EEB266C2236202F003675CC /* AppDelegate.swift */; };
		2EEB266F2236202F003675CC /* HomeController.swift in Sources */ = {isa = PBXBuildFile; fileRef = 2EEB266E2236202F003675CC /* HomeController.swift */; };
		2EEB267422362031003675CC /* Assets.xcassets in Resources */ = {isa = PBXBuildFile; fileRef = 2EEB267322362031003675CC /* Assets.xcassets */; };
		2EEB267722362031003675CC /* LaunchScreen.storyboard in Resources */ = {isa = PBXBuildFile; fileRef = 2EEB267522362031003675CC /* LaunchScreen.storyboard */; };
		2EEEC1BD223CDB4200AFDFB0 /* SettingsLauncher.swift in Sources */ = {isa = PBXBuildFile; fileRef = 2EEEC1BC223CDB4200AFDFB0 /* SettingsLauncher.swift */; };
		2EEEC1BF223D880E00AFDFB0 /* SettingCell.swift in Sources */ = {isa = PBXBuildFile; fileRef = 2EEEC1BE223D880E00AFDFB0 /* SettingCell.swift */; };
		2EEEC1C1223D945A00AFDFB0 /* Setting.swift in Sources */ = {isa = PBXBuildFile; fileRef = 2EEEC1C0223D945A00AFDFB0 /* Setting.swift */; };
/* End PBXBuildFile section */

/* Begin PBXFileReference section */
		2E046E1022377DD6003C7DE2 /* Extensions.swift */ = {isa = PBXFileReference; lastKnownFileType = sourcecode.swift; path = Extensions.swift; sourceTree = "<group>"; };
		2E046E1322377EC3003C7DE2 /* VideoCell.swift */ = {isa = PBXFileReference; lastKnownFileType = sourcecode.swift; path = VideoCell.swift; sourceTree = "<group>"; };
		2E046E1622378408003C7DE2 /* MenuBar.swift */ = {isa = PBXFileReference; lastKnownFileType = sourcecode.swift; path = MenuBar.swift; sourceTree = "<group>"; };
		2E046E1822379E28003C7DE2 /* Main.storyboard */ = {isa = PBXFileReference; lastKnownFileType = file.storyboard; path = Main.storyboard; sourceTree = "<group>"; };
		2E046E1B2238BD71003C7DE2 /* Video.swift */ = {isa = PBXFileReference; lastKnownFileType = sourcecode.swift; path = Video.swift; sourceTree = "<group>"; };
		2E046E1D2238E69C003C7DE2 /* Channel.swift */ = {isa = PBXFileReference; lastKnownFileType = sourcecode.swift; path = Channel.swift; sourceTree = "<group>"; };
		2EE67A21223B304C0097ED16 /* MenuCell.swift */ = {isa = PBXFileReference; lastKnownFileType = sourcecode.swift; path = MenuCell.swift; sourceTree = "<group>"; };
		2EEB26692236202F003675CC /* youtube.app */ = {isa = PBXFileReference; explicitFileType = wrapper.application; includeInIndex = 0; path = youtube.app; sourceTree = BUILT_PRODUCTS_DIR; };
		2EEB266C2236202F003675CC /* AppDelegate.swift */ = {isa = PBXFileReference; lastKnownFileType = sourcecode.swift; path = AppDelegate.swift; sourceTree = "<group>"; };
		2EEB266E2236202F003675CC /* HomeController.swift */ = {isa = PBXFileReference; lastKnownFileType = sourcecode.swift; path = HomeController.swift; sourceTree = "<group>"; };
		2EEB267322362031003675CC /* Assets.xcassets */ = {isa = PBXFileReference; lastKnownFileType = folder.assetcatalog; path = Assets.xcassets; sourceTree = "<group>"; };
		2EEB267622362031003675CC /* Base */ = {isa = PBXFileReference; lastKnownFileType = file.storyboard; name = Base; path = Base.lproj/LaunchScreen.storyboard; sourceTree = "<group>"; };
		2EEB267822362031003675CC /* Info.plist */ = {isa = PBXFileReference; lastKnownFileType = text.plist.xml; path = Info.plist; sourceTree = "<group>"; };
		2EEEC1BC223CDB4200AFDFB0 /* SettingsLauncher.swift */ = {isa = PBXFileReference; lastKnownFileType = sourcecode.swift; path = SettingsLauncher.swift; sourceTree = "<group>"; };
		2EEEC1BE223D880E00AFDFB0 /* SettingCell.swift */ = {isa = PBXFileReference; lastKnownFileType = sourcecode.swift; path = SettingCell.swift; sourceTree = "<group>"; };
		2EEEC1C0223D945A00AFDFB0 /* Setting.swift */ = {isa = PBXFileReference; lastKnownFileType = sourcecode.swift; path = Setting.swift; sourceTree = "<group>"; };
/* End PBXFileReference section */

/* Begin PBXFrameworksBuildPhase section */
		2EEB26662236202F003675CC /* Frameworks */ = {
			isa = PBXFrameworksBuildPhase;
			buildActionMask = 2147483647;
			files = (
			);
			runOnlyForDeploymentPostprocessing = 0;
		};
/* End PBXFrameworksBuildPhase section */

/* Begin PBXGroup section */
		2E046E0F22377D97003C7DE2 /* Helpers */ = {
			isa = PBXGroup;
			children = (
				2E046E1022377DD6003C7DE2 /* Extensions.swift */,
			);
			name = Helpers;
			sourceTree = "<group>";
		};
		2E046E1222377E65003C7DE2 /* View */ = {
			isa = PBXGroup;
			children = (
				2E046E1622378408003C7DE2 /* MenuBar.swift */,
				2EE67A21223B304C0097ED16 /* MenuCell.swift */,
				2E046E1322377EC3003C7DE2 /* VideoCell.swift */,
				2EEEC1BE223D880E00AFDFB0 /* SettingCell.swift */,
			);
			name = View;
			sourceTree = "<group>";
		};
		2E046E1522377F64003C7DE2 /* Controller */ = {
			isa = PBXGroup;
			children = (
				2EEB266E2236202F003675CC /* HomeController.swift */,
				2EEEC1BC223CDB4200AFDFB0 /* SettingsLauncher.swift */,
			);
			name = Controller;
			sourceTree = "<group>";
		};
		2E046E1A2238BD50003C7DE2 /* Model */ = {
			isa = PBXGroup;
			children = (
				2E046E1B2238BD71003C7DE2 /* Video.swift */,
				2E046E1D2238E69C003C7DE2 /* Channel.swift */,
				2EEEC1C0223D945A00AFDFB0 /* Setting.swift */,
			);
			name = Model;
			sourceTree = "<group>";
		};
		2EEB26602236202F003675CC = {
			isa = PBXGroup;
			children = (
				2EEB266B2236202F003675CC /* youtube */,
				2EEB266A2236202F003675CC /* Products */,
			);
			sourceTree = "<group>";
		};
		2EEB266A2236202F003675CC /* Products */ = {
			isa = PBXGroup;
			children = (
				2EEB26692236202F003675CC /* youtube.app */,
			);
			name = Products;
			sourceTree = "<group>";
		};
		2EEB266B2236202F003675CC /* youtube */ = {
			isa = PBXGroup;
			children = (
				2E046E1A2238BD50003C7DE2 /* Model */,
				2E046E1222377E65003C7DE2 /* View */,
				2E046E1522377F64003C7DE2 /* Controller */,
				2E046E0F22377D97003C7DE2 /* Helpers */,
				2EEB266C2236202F003675CC /* AppDelegate.swift */,
				2E046E1822379E28003C7DE2 /* Main.storyboard */,
				2EEB267322362031003675CC /* Assets.xcassets */,
				2EEB267522362031003675CC /* LaunchScreen.storyboard */,
				2EEB267822362031003675CC /* Info.plist */,
			);
			path = youtube;
			sourceTree = "<group>";
		};
/* End PBXGroup section */

/* Begin PBXNativeTarget section */
		2EEB26682236202F003675CC /* youtube */ = {
			isa = PBXNativeTarget;
			buildConfigurationList = 2EEB267B22362031003675CC /* Build configuration list for PBXNativeTarget "youtube" */;
			buildPhases = (
				2EEB26652236202F003675CC /* Sources */,
				2EEB26662236202F003675CC /* Frameworks */,
				2EEB26672236202F003675CC /* Resources */,
			);
			buildRules = (
			);
			dependencies = (
			);
			name = youtube;
			productName = youtube;
			productReference = 2EEB26692236202F003675CC /* youtube.app */;
			productType = "com.apple.product-type.application";
		};
/* End PBXNativeTarget section */

/* Begin PBXProject section */
		2EEB26612236202F003675CC /* Project object */ = {
			isa = PBXProject;
			attributes = {
				LastSwiftUpdateCheck = 1010;
				LastUpgradeCheck = 1010;
				ORGANIZATIONNAME = "Khalal Walker";
				TargetAttributes = {
					2EEB26682236202F003675CC = {
						CreatedOnToolsVersion = 10.1;
					};
				};
			};
			buildConfigurationList = 2EEB26642236202F003675CC /* Build configuration list for PBXProject "youtube" */;
			compatibilityVersion = "Xcode 9.3";
			developmentRegion = en;
			hasScannedForEncodings = 0;
			knownRegions = (
				en,
				Base,
			);
			mainGroup = 2EEB26602236202F003675CC;
			productRefGroup = 2EEB266A2236202F003675CC /* Products */;
			projectDirPath = "";
			projectRoot = "";
			targets = (
				2EEB26682236202F003675CC /* youtube */,
			);
		};
/* End PBXProject section */

/* Begin PBXResourcesBuildPhase section */
		2EEB26672236202F003675CC /* Resources */ = {
			isa = PBXResourcesBuildPhase;
			buildActionMask = 2147483647;
			files = (
				2E046E1922379E28003C7DE2 /* Main.storyboard in Resources */,
				2EEB267722362031003675CC /* LaunchScreen.storyboard in Resources */,
				2EEB267422362031003675CC /* Assets.xcassets in Resources */,
			);
			runOnlyForDeploymentPostprocessing = 0;
		};
/* End PBXResourcesBuildPhase section */

/* Begin PBXSourcesBuildPhase section */
		2EEB26652236202F003675CC /* Sources */ = {
			isa = PBXSourcesBuildPhase;
			buildActionMask = 2147483647;
			files = (
				2E046E1E2238E69C003C7DE2 /* Channel.swift in Sources */,
				2EEB266F2236202F003675CC /* HomeController.swift in Sources */,
				2EEEC1BD223CDB4200AFDFB0 /* SettingsLauncher.swift in Sources */,
				2E046E1C2238BD71003C7DE2 /* Video.swift in Sources */,
				2E046E1422377EC3003C7DE2 /* VideoCell.swift in Sources */,
				2E046E1122377DD6003C7DE2 /* Extensions.swift in Sources */,
				2EEEC1C1223D945A00AFDFB0 /* Setting.swift in Sources */,
				2EEB266D2236202F003675CC /* AppDelegate.swift in Sources */,
				2EE67A22223B304C0097ED16 /* MenuCell.swift in Sources */,
				2EEEC1BF223D880E00AFDFB0 /* SettingCell.swift in Sources */,
				2E046E1722378408003C7DE2 /* MenuBar.swift in Sources */,
			);
			runOnlyForDeploymentPostprocessing = 0;
		};
/* End PBXSourcesBuildPhase section */

/* Begin PBXVariantGroup section */
		2EEB267522362031003675CC /* LaunchScreen.storyboard */ = {
			isa = PBXVariantGroup;
			children = (
				2EEB267622362031003675CC /* Base */,
			);
			name = LaunchScreen.storyboard;
			sourceTree = "<group>";
		};
/* End PBXVariantGroup section */

/* Begin XCBuildConfiguration section */
		2EEB267922362031003675CC /* Debug */ = {
			isa = XCBuildConfiguration;
			buildSettings = {
				ALWAYS_SEARCH_USER_PATHS = NO;
				CLANG_ANALYZER_NONNULL = YES;
				CLANG_ANALYZER_NUMBER_OBJECT_CONVERSION = YES_AGGRESSIVE;
				CLANG_CXX_LANGUAGE_STANDARD = "gnu++14";
				CLANG_CXX_LIBRARY = "libc++";
				CLANG_ENABLE_MODULES = YES;
				CLANG_ENABLE_OBJC_ARC = YES;
				CLANG_ENABLE_OBJC_WEAK = YES;
				CLANG_WARN_BLOCK_CAPTURE_AUTORELEASING = YES;
				CLANG_WARN_BOOL_CONVERSION = YES;
				CLANG_WARN_COMMA = YES;
				CLANG_WARN_CONSTANT_CONVERSION = YES;
				CLANG_WARN_DEPRECATED_OBJC_IMPLEMENTATIONS = YES;
				CLANG_WARN_DIRECT_OBJC_ISA_USAGE = YES_ERROR;
				CLANG_WARN_DOCUMENTATION_COMMENTS = YES;
				CLANG_WARN_EMPTY_BODY = YES;
				CLANG_WARN_ENUM_CONVERSION = YES;
				CLANG_WARN_INFINITE_RECURSION = YES;
				CLANG_WARN_INT_CONVERSION = YES;
				CLANG_WARN_NON_LITERAL_NULL_CONVERSION = YES;
				CLANG_WARN_OBJC_IMPLICIT_RETAIN_SELF = YES;
				CLANG_WARN_OBJC_LITERAL_CONVERSION = YES;
				CLANG_WARN_OBJC_ROOT_CLASS = YES_ERROR;
				CLANG_WARN_RANGE_LOOP_ANALYSIS = YES;
				CLANG_WARN_STRICT_PROTOTYPES = YES;
				CLANG_WARN_SUSPICIOUS_MOVE = YES;
				CLANG_WARN_UNGUARDED_AVAILABILITY = YES_AGGRESSIVE;
				CLANG_WARN_UNREACHABLE_CODE = YES;
				CLANG_WARN__DUPLICATE_METHOD_MATCH = YES;
				CODE_SIGN_IDENTITY = "iPhone Developer";
				COPY_PHASE_STRIP = NO;
				DEBUG_INFORMATION_FORMAT = dwarf;
				ENABLE_STRICT_OBJC_MSGSEND = YES;
				ENABLE_TESTABILITY = YES;
				GCC_C_LANGUAGE_STANDARD = gnu11;
				GCC_DYNAMIC_NO_PIC = NO;
				GCC_NO_COMMON_BLOCKS = YES;
				GCC_OPTIMIZATION_LEVEL = 0;
				GCC_PREPROCESSOR_DEFINITIONS = (
					"DEBUG=1",
					"$(inherited)",
				);
				GCC_WARN_64_TO_32_BIT_CONVERSION = YES;
				GCC_WARN_ABOUT_RETURN_TYPE = YES_ERROR;
				GCC_WARN_UNDECLARED_SELECTOR = YES;
				GCC_WARN_UNINITIALIZED_AUTOS = YES_AGGRESSIVE;
				GCC_WARN_UNUSED_FUNCTION = YES;
				GCC_WARN_UNUSED_VARIABLE = YES;
				IPHONEOS_DEPLOYMENT_TARGET = 12.1;
				MTL_ENABLE_DEBUG_INFO = INCLUDE_SOURCE;
				MTL_FAST_MATH = YES;
				ONLY_ACTIVE_ARCH = YES;
				SDKROOT = iphoneos;
				SWIFT_ACTIVE_COMPILATION_CONDITIONS = DEBUG;
				SWIFT_OPTIMIZATION_LEVEL = "-Onone";
			};
			name = Debug;
		};
		2EEB267A22362031003675CC /* Release */ = {
			isa = XCBuildConfiguration;
			buildSettings = {
				ALWAYS_SEARCH_USER_PATHS = NO;
				CLANG_ANALYZER_NONNULL = YES;
				CLANG_ANALYZER_NUMBER_OBJECT_CONVERSION = YES_AGGRESSIVE;
				CLANG_CXX_LANGUAGE_STANDARD = "gnu++14";
				CLANG_CXX_LIBRARY = "libc++";
				CLANG_ENABLE_MODULES = YES;
				CLANG_ENABLE_OBJC_ARC = YES;
				CLANG_ENABLE_OBJC_WEAK = YES;
				CLANG_WARN_BLOCK_CAPTURE_AUTORELEASING = YES;
				CLANG_WARN_BOOL_CONVERSION = YES;
				CLANG_WARN_COMMA = YES;
				CLANG_WARN_CONSTANT_CONVERSION = YES;
				CLANG_WARN_DEPRECATED_OBJC_IMPLEMENTATIONS = YES;
				CLANG_WARN_DIRECT_OBJC_ISA_USAGE = YES_ERROR;
				CLANG_WARN_DOCUMENTATION_COMMENTS = YES;
				CLANG_WARN_EMPTY_BODY = YES;
				CLANG_WARN_ENUM_CONVERSION = YES;
				CLANG_WARN_INFINITE_RECURSION = YES;
				CLANG_WARN_INT_CONVERSION = YES;
				CLANG_WARN_NON_LITERAL_NULL_CONVERSION = YES;
				CLANG_WARN_OBJC_IMPLICIT_RETAIN_SELF = YES;
				CLANG_WARN_OBJC_LITERAL_CONVERSION = YES;
				CLANG_WARN_OBJC_ROOT_CLASS = YES_ERROR;
				CLANG_WARN_RANGE_LOOP_ANALYSIS = YES;
				CLANG_WARN_STRICT_PROTOTYPES = YES;
				CLANG_WARN_SUSPICIOUS_MOVE = YES;
				CLANG_WARN_UNGUARDED_AVAILABILITY = YES_AGGRESSIVE;
				CLANG_WARN_UNREACHABLE_CODE = YES;
				CLANG_WARN__DUPLICATE_METHOD_MATCH = YES;
				CODE_SIGN_IDENTITY = "iPhone Developer";
				COPY_PHASE_STRIP = NO;
				DEBUG_INFORMATION_FORMAT = "dwarf-with-dsym";
				ENABLE_NS_ASSERTIONS = NO;
				ENABLE_STRICT_OBJC_MSGSEND = YES;
				GCC_C_LANGUAGE_STANDARD = gnu11;
				GCC_NO_COMMON_BLOCKS = YES;
				GCC_WARN_64_TO_32_BIT_CONVERSION = YES;
				GCC_WARN_ABOUT_RETURN_TYPE = YES_ERROR;
				GCC_WARN_UNDECLARED_SELECTOR = YES;
				GCC_WARN_UNINITIALIZED_AUTOS = YES_AGGRESSIVE;
				GCC_WARN_UNUSED_FUNCTION = YES;
				GCC_WARN_UNUSED_VARIABLE = YES;
				IPHONEOS_DEPLOYMENT_TARGET = 12.1;
				MTL_ENABLE_DEBUG_INFO = NO;
				MTL_FAST_MATH = YES;
				SDKROOT = iphoneos;
				SWIFT_COMPILATION_MODE = wholemodule;
				SWIFT_OPTIMIZATION_LEVEL = "-O";
				VALIDATE_PRODUCT = YES;
			};
			name = Release;
		};
		2EEB267C22362031003675CC /* Debug */ = {
			isa = XCBuildConfiguration;
			buildSettings = {
				ASSETCATALOG_COMPILER_APPICON_NAME = AppIcon;
				CODE_SIGN_STYLE = Automatic;
				DEVELOPMENT_TEAM = 3VT456NC4Y;
				INFOPLIST_FILE = youtube/Info.plist;
				LD_RUNPATH_SEARCH_PATHS = (
					"$(inherited)",
					"@executable_path/Frameworks",
				);
				PRODUCT_BUNDLE_IDENTIFIER = khalalwalker.youtube;
				PRODUCT_NAME = "$(TARGET_NAME)";
				SWIFT_VERSION = 4.2;
				TARGETED_DEVICE_FAMILY = "1,2";
			};
			name = Debug;
		};
		2EEB267D22362031003675CC /* Release */ = {
			isa = XCBuildConfiguration;
			buildSettings = {
				ASSETCATALOG_COMPILER_APPICON_NAME = AppIcon;
				CODE_SIGN_STYLE = Automatic;
				DEVELOPMENT_TEAM = 3VT456NC4Y;
				INFOPLIST_FILE = youtube/Info.plist;
				LD_RUNPATH_SEARCH_PATHS = (
					"$(inherited)",
					"@executable_path/Frameworks",
				);
				PRODUCT_BUNDLE_IDENTIFIER = khalalwalker.youtube;
				PRODUCT_NAME = "$(TARGET_NAME)";
				SWIFT_VERSION = 4.2;
				TARGETED_DEVICE_FAMILY = "1,2";
			};
			name = Release;
		};
/* End XCBuildConfiguration section */

/* Begin XCConfigurationList section */
		2EEB26642236202F003675CC /* Build configuration list for PBXProject "youtube" */ = {
			isa = XCConfigurationList;
			buildConfigurations = (
				2EEB267922362031003675CC /* Debug */,
				2EEB267A22362031003675CC /* Release */,
			);
			defaultConfigurationIsVisible = 0;
			defaultConfigurationName = Release;
		};
		2EEB267B22362031003675CC /* Build configuration list for PBXNativeTarget "youtube" */ = {
			isa = XCConfigurationList;
			buildConfigurations = (
				2EEB267C22362031003675CC /* Debug */,
				2EEB267D22362031003675CC /* Release */,
			);
			defaultConfigurationIsVisible = 0;
			defaultConfigurationName = Release;
		};
/* End XCConfigurationList section */
	};
	rootObject = 2EEB26612236202F003675CC /* Project object */;
}
